
Microsoft Visual Studio Solution File, Format Version 12.00
# Visual Studio Version 16
VisualStudioVersion = 16.0.31410.357
MinimumVisualStudioVersion = 10.0.40219.1
Project("{FAE04EC0-301F-11D3-BF4B-00C04F79EFBC}") = "Create_Tabel", "Create_Tabel\Create_Tabel.csproj", "{8EA828F1-9901-411E-BEB0-3A063E89914B}"
EndProject
Global
	GlobalSection(SolutionConfigurationPlatforms) = preSolution
		Debug|Any CPU = Debug|Any CPU
		Release|Any CPU = Release|Any CPU
	EndGlobalSection
	GlobalSection(ProjectConfigurationPlatforms) = postSolution
		{8EA828F1-9901-411E-BEB0-3A063E89914B}.Debug|Any CPU.ActiveCfg = Debug|Any CPU
		{8EA828F1-9901-411E-BEB0-3A063E89914B}.Debug|Any CPU.Build.0 = Debug|Any CPU
		{8EA828F1-9901-411E-BEB0-3A063E89914B}.Release|Any CPU.ActiveCfg = Release|Any CPU
		{8EA828F1-9901-411E-BEB0-3A063E89914B}.Release|Any CPU.Build.0 = Release|Any CPU
	EndGlobalSection
	GlobalSection(SolutionProperties) = preSolution
		HideSolutionNode = FALSE
	EndGlobalSection
	GlobalSection(ExtensibilityGlobals) = postSolution
		SolutionGuid = {C42A435E-54B0-4682-9448-C0539F676D68}
	EndGlobalSection
EndGlobal
